
Microsoft Visual Studio Solution File, Format Version 12.00
# Visual Studio Version 16
VisualStudioVersion = 25.0.1705.0
MinimumVisualStudioVersion = 10.0.40219.1
Project("{FAE04EC0-301F-11D3-BF4B-00C04F79EFBC}") = "DapperExercise", "DapperExercise\DapperExercise.csproj", "{7D42A80C-AF62-44D9-B523-B05380513DD7}"
EndProject
Global
	GlobalSection(SolutionConfigurationPlatforms) = preSolution
		Debug|Any CPU = Debug|Any CPU
		Release|Any CPU = Release|Any CPU
	EndGlobalSection
	GlobalSection(ProjectConfigurationPlatforms) = postSolution
		{7D42A80C-AF62-44D9-B523-B05380513DD7}.Debug|Any CPU.ActiveCfg = Debug|Any CPU
		{7D42A80C-AF62-44D9-B523-B05380513DD7}.Debug|Any CPU.Build.0 = Debug|Any CPU
		{7D42A80C-AF62-44D9-B523-B05380513DD7}.Release|Any CPU.ActiveCfg = Release|Any CPU
		{7D42A80C-AF62-44D9-B523-B05380513DD7}.Release|Any CPU.Build.0 = Release|Any CPU
	EndGlobalSection
	GlobalSection(SolutionProperties) = preSolution
		HideSolutionNode = FALSE
	EndGlobalSection
	GlobalSection(ExtensibilityGlobals) = postSolution
		SolutionGuid = {88E1F324-F18C-4649-A72C-6BBD9347AB69}
	EndGlobalSection
EndGlobal
